// !$*UTF8*$!
{
	archiveVersion = 1;
	classes = {
	};
	objectVersion = 50;
	objects = {

/* Begin PBXBuildFile section */
		7D7C665224388F0900733687 /* GFItemInfoView.swift in Sources */ = {isa = PBXBuildFile; fileRef = 7D7C665124388F0900733687 /* GFItemInfoView.swift */; };
		7D7C6654243897F300733687 /* GFItemInfoVC.swift in Sources */ = {isa = PBXBuildFile; fileRef = 7D7C6653243897F300733687 /* GFItemInfoVC.swift */; };
		7D7C665624389E0600733687 /* GFRepoItemVC.swift in Sources */ = {isa = PBXBuildFile; fileRef = 7D7C665524389E0600733687 /* GFRepoItemVC.swift */; };
		7D7C66582438A22C00733687 /* GFFollowerItemVC.swift in Sources */ = {isa = PBXBuildFile; fileRef = 7D7C66572438A22C00733687 /* GFFollowerItemVC.swift */; };
		7D98BB282428FE73006C53E9 /* AppDelegate.swift in Sources */ = {isa = PBXBuildFile; fileRef = 7D98BB272428FE73006C53E9 /* AppDelegate.swift */; };
		7D98BB2A2428FE73006C53E9 /* SceneDelegate.swift in Sources */ = {isa = PBXBuildFile; fileRef = 7D98BB292428FE73006C53E9 /* SceneDelegate.swift */; };
		7D98BB312428FE75006C53E9 /* Assets.xcassets in Resources */ = {isa = PBXBuildFile; fileRef = 7D98BB302428FE75006C53E9 /* Assets.xcassets */; };
		7D98BB342428FE75006C53E9 /* LaunchScreen.storyboard in Resources */ = {isa = PBXBuildFile; fileRef = 7D98BB322428FE75006C53E9 /* LaunchScreen.storyboard */; };
		7D98BB3C24290771006C53E9 /* SearchVC.swift in Sources */ = {isa = PBXBuildFile; fileRef = 7D98BB3B24290771006C53E9 /* SearchVC.swift */; };
		7D98BB3E242907BB006C53E9 /* FavoriteListVC.swift in Sources */ = {isa = PBXBuildFile; fileRef = 7D98BB3D242907BB006C53E9 /* FavoriteListVC.swift */; };
		7D98BB40242917E4006C53E9 /* GFButton.swift in Sources */ = {isa = PBXBuildFile; fileRef = 7D98BB3F242917E4006C53E9 /* GFButton.swift */; };
		7D98BB4224291DF3006C53E9 /* GFTextField.swift in Sources */ = {isa = PBXBuildFile; fileRef = 7D98BB4124291DF3006C53E9 /* GFTextField.swift */; };
		7D98BB44242A29B4006C53E9 /* FollowerListVC.swift in Sources */ = {isa = PBXBuildFile; fileRef = 7D98BB43242A29B4006C53E9 /* FollowerListVC.swift */; };
		7D98BB46242A52B7006C53E9 /* GFTitleLabel.swift in Sources */ = {isa = PBXBuildFile; fileRef = 7D98BB45242A52B7006C53E9 /* GFTitleLabel.swift */; };
		7D98BB48242A5507006C53E9 /* GFBodyLabel.swift in Sources */ = {isa = PBXBuildFile; fileRef = 7D98BB47242A5507006C53E9 /* GFBodyLabel.swift */; };
		7D98BB4A242A55ED006C53E9 /* GFAlertVC.swift in Sources */ = {isa = PBXBuildFile; fileRef = 7D98BB49242A55ED006C53E9 /* GFAlertVC.swift */; };
		7D98BB4C242A7327006C53E9 /* UIViewController+EXT.swift in Sources */ = {isa = PBXBuildFile; fileRef = 7D98BB4B242A7327006C53E9 /* UIViewController+EXT.swift */; };
		7DA45F64242B73E600AB426F /* Follower.swift in Sources */ = {isa = PBXBuildFile; fileRef = 7DA45F63242B73E600AB426F /* Follower.swift */; };
		7DA45F66242B760500AB426F /* User.swift in Sources */ = {isa = PBXBuildFile; fileRef = 7DA45F65242B760500AB426F /* User.swift */; };
		7DA45F69242B831900AB426F /* NetworkManager.swift in Sources */ = {isa = PBXBuildFile; fileRef = 7DA45F68242B831900AB426F /* NetworkManager.swift */; };
		7DA45F6C242BAEEC00AB426F /* ErrorMessage.swift in Sources */ = {isa = PBXBuildFile; fileRef = 7DA45F6B242BAEEC00AB426F /* ErrorMessage.swift */; };
		7DA45F6F242BC47D00AB426F /* FollowerCell.swift in Sources */ = {isa = PBXBuildFile; fileRef = 7DA45F6E242BC47D00AB426F /* FollowerCell.swift */; };
		7DA45F71242BC5C100AB426F /* GFAvatarImageView.swift in Sources */ = {isa = PBXBuildFile; fileRef = 7DA45F70242BC5C100AB426F /* GFAvatarImageView.swift */; };
		7DA45F73242E332000AB426F /* UIHelper.swift in Sources */ = {isa = PBXBuildFile; fileRef = 7DA45F72242E332000AB426F /* UIHelper.swift */; };
		7DA45F7A242FB95700AB426F /* GFEmptyStateView.swift in Sources */ = {isa = PBXBuildFile; fileRef = 7DA45F79242FB95700AB426F /* GFEmptyStateView.swift */; };
		7DA45F7C2430E3C900AB426F /* UserInfoVC.swift in Sources */ = {isa = PBXBuildFile; fileRef = 7DA45F7B2430E3C900AB426F /* UserInfoVC.swift */; };
		7DA45F812433DE1300AB426F /* GFTitleLabel-Secondary.swift in Sources */ = {isa = PBXBuildFile; fileRef = 7DA45F802433DE1300AB426F /* GFTitleLabel-Secondary.swift */; };
		7DA45F832433F4FC00AB426F /* Constants.swift in Sources */ = {isa = PBXBuildFile; fileRef = 7DA45F822433F4FC00AB426F /* Constants.swift */; };
		7DA45F852433FAF800AB426F /* GFUserInfoheaderVC.swift in Sources */ = {isa = PBXBuildFile; fileRef = 7DA45F842433FAF800AB426F /* GFUserInfoheaderVC.swift */; };
		7DB735092438AD0F00E7B09B /* Date+Ext.swift in Sources */ = {isa = PBXBuildFile; fileRef = 7DB735082438AD0F00E7B09B /* Date+Ext.swift */; };
		7DB7350B2438AD9000E7B09B /* String+Ext.swift in Sources */ = {isa = PBXBuildFile; fileRef = 7DB7350A2438AD9000E7B09B /* String+Ext.swift */; };
		7DB7350D243F523700E7B09B /* PersistanceManager.swift in Sources */ = {isa = PBXBuildFile; fileRef = 7DB7350C243F523700E7B09B /* PersistanceManager.swift */; };
		7DB7350F243F8AC100E7B09B /* FavoriteCell.swift in Sources */ = {isa = PBXBuildFile; fileRef = 7DB7350E243F8AC100E7B09B /* FavoriteCell.swift */; };
		7DB7351224409BFE00E7B09B /* GFTabBarController.swift in Sources */ = {isa = PBXBuildFile; fileRef = 7DB7351124409BFE00E7B09B /* GFTabBarController.swift */; };
		7DB735142443929200E7B09B /* GFDataLoadingVC.swift in Sources */ = {isa = PBXBuildFile; fileRef = 7DB735132443929200E7B09B /* GFDataLoadingVC.swift */; };
		7DFAC88A242A86D200F5780C /* GFAlertContainerView.swift in Sources */ = {isa = PBXBuildFile; fileRef = 7DFAC889242A86D200F5780C /* GFAlertContainerView.swift */; };
/* End PBXBuildFile section */

/* Begin PBXFileReference section */
		7D7C665124388F0900733687 /* GFItemInfoView.swift */ = {isa = PBXFileReference; lastKnownFileType = sourcecode.swift; path = GFItemInfoView.swift; sourceTree = "<group>"; };
		7D7C6653243897F300733687 /* GFItemInfoVC.swift */ = {isa = PBXFileReference; lastKnownFileType = sourcecode.swift; path = GFItemInfoVC.swift; sourceTree = "<group>"; };
		7D7C665524389E0600733687 /* GFRepoItemVC.swift */ = {isa = PBXFileReference; lastKnownFileType = sourcecode.swift; path = GFRepoItemVC.swift; sourceTree = "<group>"; };
		7D7C66572438A22C00733687 /* GFFollowerItemVC.swift */ = {isa = PBXFileReference; lastKnownFileType = sourcecode.swift; path = GFFollowerItemVC.swift; sourceTree = "<group>"; };
		7D98BB242428FE73006C53E9 /* GHFollowers.app */ = {isa = PBXFileReference; explicitFileType = wrapper.application; includeInIndex = 0; path = GHFollowers.app; sourceTree = BUILT_PRODUCTS_DIR; };
		7D98BB272428FE73006C53E9 /* AppDelegate.swift */ = {isa = PBXFileReference; lastKnownFileType = sourcecode.swift; path = AppDelegate.swift; sourceTree = "<group>"; };
		7D98BB292428FE73006C53E9 /* SceneDelegate.swift */ = {isa = PBXFileReference; lastKnownFileType = sourcecode.swift; path = SceneDelegate.swift; sourceTree = "<group>"; };
		7D98BB302428FE75006C53E9 /* Assets.xcassets */ = {isa = PBXFileReference; lastKnownFileType = folder.assetcatalog; path = Assets.xcassets; sourceTree = "<group>"; };
		7D98BB332428FE75006C53E9 /* Base */ = {isa = PBXFileReference; lastKnownFileType = file.storyboard; name = Base; path = Base.lproj/LaunchScreen.storyboard; sourceTree = "<group>"; };
		7D98BB352428FE75006C53E9 /* Info.plist */ = {isa = PBXFileReference; lastKnownFileType = text.plist.xml; path = Info.plist; sourceTree = "<group>"; };
		7D98BB3B24290771006C53E9 /* SearchVC.swift */ = {isa = PBXFileReference; lastKnownFileType = sourcecode.swift; path = SearchVC.swift; sourceTree = "<group>"; };
		7D98BB3D242907BB006C53E9 /* FavoriteListVC.swift */ = {isa = PBXFileReference; lastKnownFileType = sourcecode.swift; path = FavoriteListVC.swift; sourceTree = "<group>"; };
		7D98BB3F242917E4006C53E9 /* GFButton.swift */ = {isa = PBXFileReference; lastKnownFileType = sourcecode.swift; path = GFButton.swift; sourceTree = "<group>"; };
		7D98BB4124291DF3006C53E9 /* GFTextField.swift */ = {isa = PBXFileReference; lastKnownFileType = sourcecode.swift; path = GFTextField.swift; sourceTree = "<group>"; };
		7D98BB43242A29B4006C53E9 /* FollowerListVC.swift */ = {isa = PBXFileReference; lastKnownFileType = sourcecode.swift; path = FollowerListVC.swift; sourceTree = "<group>"; };
		7D98BB45242A52B7006C53E9 /* GFTitleLabel.swift */ = {isa = PBXFileReference; lastKnownFileType = sourcecode.swift; path = GFTitleLabel.swift; sourceTree = "<group>"; };
		7D98BB47242A5507006C53E9 /* GFBodyLabel.swift */ = {isa = PBXFileReference; lastKnownFileType = sourcecode.swift; path = GFBodyLabel.swift; sourceTree = "<group>"; };
		7D98BB49242A55ED006C53E9 /* GFAlertVC.swift */ = {isa = PBXFileReference; lastKnownFileType = sourcecode.swift; path = GFAlertVC.swift; sourceTree = "<group>"; };
		7D98BB4B242A7327006C53E9 /* UIViewController+EXT.swift */ = {isa = PBXFileReference; lastKnownFileType = sourcecode.swift; path = "UIViewController+EXT.swift"; sourceTree = "<group>"; };
		7DA45F63242B73E600AB426F /* Follower.swift */ = {isa = PBXFileReference; lastKnownFileType = sourcecode.swift; path = Follower.swift; sourceTree = "<group>"; };
		7DA45F65242B760500AB426F /* User.swift */ = {isa = PBXFileReference; lastKnownFileType = sourcecode.swift; path = User.swift; sourceTree = "<group>"; };
		7DA45F68242B831900AB426F /* NetworkManager.swift */ = {isa = PBXFileReference; lastKnownFileType = sourcecode.swift; path = NetworkManager.swift; sourceTree = "<group>"; };
		7DA45F6B242BAEEC00AB426F /* ErrorMessage.swift */ = {isa = PBXFileReference; lastKnownFileType = sourcecode.swift; path = ErrorMessage.swift; sourceTree = "<group>"; };
		7DA45F6E242BC47D00AB426F /* FollowerCell.swift */ = {isa = PBXFileReference; lastKnownFileType = sourcecode.swift; path = FollowerCell.swift; sourceTree = "<group>"; };
		7DA45F70242BC5C100AB426F /* GFAvatarImageView.swift */ = {isa = PBXFileReference; lastKnownFileType = sourcecode.swift; path = GFAvatarImageView.swift; sourceTree = "<group>"; };
		7DA45F72242E332000AB426F /* UIHelper.swift */ = {isa = PBXFileReference; lastKnownFileType = sourcecode.swift; path = UIHelper.swift; sourceTree = "<group>"; };
		7DA45F79242FB95700AB426F /* GFEmptyStateView.swift */ = {isa = PBXFileReference; lastKnownFileType = sourcecode.swift; path = GFEmptyStateView.swift; sourceTree = "<group>"; };
		7DA45F7B2430E3C900AB426F /* UserInfoVC.swift */ = {isa = PBXFileReference; lastKnownFileType = sourcecode.swift; path = UserInfoVC.swift; sourceTree = "<group>"; };
		7DA45F802433DE1300AB426F /* GFTitleLabel-Secondary.swift */ = {isa = PBXFileReference; lastKnownFileType = sourcecode.swift; path = "GFTitleLabel-Secondary.swift"; sourceTree = "<group>"; };
		7DA45F822433F4FC00AB426F /* Constants.swift */ = {isa = PBXFileReference; lastKnownFileType = sourcecode.swift; path = Constants.swift; sourceTree = "<group>"; };
		7DA45F842433FAF800AB426F /* GFUserInfoheaderVC.swift */ = {isa = PBXFileReference; lastKnownFileType = sourcecode.swift; path = GFUserInfoheaderVC.swift; sourceTree = "<group>"; };
		7DB735082438AD0F00E7B09B /* Date+Ext.swift */ = {isa = PBXFileReference; lastKnownFileType = sourcecode.swift; path = "Date+Ext.swift"; sourceTree = "<group>"; };
		7DB7350A2438AD9000E7B09B /* String+Ext.swift */ = {isa = PBXFileReference; lastKnownFileType = sourcecode.swift; path = "String+Ext.swift"; sourceTree = "<group>"; };
		7DB7350C243F523700E7B09B /* PersistanceManager.swift */ = {isa = PBXFileReference; lastKnownFileType = sourcecode.swift; path = PersistanceManager.swift; sourceTree = "<group>"; };
		7DB7350E243F8AC100E7B09B /* FavoriteCell.swift */ = {isa = PBXFileReference; lastKnownFileType = sourcecode.swift; path = FavoriteCell.swift; sourceTree = "<group>"; };
		7DB7351124409BFE00E7B09B /* GFTabBarController.swift */ = {isa = PBXFileReference; lastKnownFileType = sourcecode.swift; path = GFTabBarController.swift; sourceTree = "<group>"; };
		7DB735132443929200E7B09B /* GFDataLoadingVC.swift */ = {isa = PBXFileReference; lastKnownFileType = sourcecode.swift; path = GFDataLoadingVC.swift; sourceTree = "<group>"; };
		7DFAC889242A86D200F5780C /* GFAlertContainerView.swift */ = {isa = PBXFileReference; lastKnownFileType = sourcecode.swift; path = GFAlertContainerView.swift; sourceTree = "<group>"; };
/* End PBXFileReference section */

/* Begin PBXFrameworksBuildPhase section */
		7D98BB212428FE73006C53E9 /* Frameworks */ = {
			isa = PBXFrameworksBuildPhase;
			buildActionMask = 2147483647;
			files = (
			);
			runOnlyForDeploymentPostprocessing = 0;
		};
/* End PBXFrameworksBuildPhase section */

/* Begin PBXGroup section */
		7D7C66592438A2B300733687 /* ItemInfoVCs-SuperClass+SubClass */ = {
			isa = PBXGroup;
			children = (
				7D7C6653243897F300733687 /* GFItemInfoVC.swift */,
				7D7C665524389E0600733687 /* GFRepoItemVC.swift */,
				7D7C66572438A22C00733687 /* GFFollowerItemVC.swift */,
			);
			path = "ItemInfoVCs-SuperClass+SubClass";
			sourceTree = "<group>";
		};
		7D98BB1B2428FE73006C53E9 = {
			isa = PBXGroup;
			children = (
				7D98BB262428FE73006C53E9 /* GHFollowers */,
				7D98BB252428FE73006C53E9 /* Products */,
			);
			sourceTree = "<group>";
		};
		7D98BB252428FE73006C53E9 /* Products */ = {
			isa = PBXGroup;
			children = (
				7D98BB242428FE73006C53E9 /* GHFollowers.app */,
			);
			name = Products;
			sourceTree = "<group>";
		};
		7D98BB262428FE73006C53E9 /* GHFollowers */ = {
			isa = PBXGroup;
			children = (
				7D98BB352428FE75006C53E9 /* Info.plist */,
				7DB7351024409BBD00E7B09B /* Navigation */,
				7DA45F6A242BAEBC00AB426F /* Utilities */,
				7DA45F67242B82F900AB426F /* Managers */,
				7DA45F62242B73BD00AB426F /* Model */,
				7D98BB50242A7C91006C53E9 /* Support */,
				7D98BB4F242A7C10006C53E9 /* Extensions */,
				7D98BB4E242A7BD5006C53E9 /* Components */,
				7D98BB4D242A7B6C006C53E9 /* Screens */,
			);
			path = GHFollowers;
			sourceTree = "<group>";
		};
		7D98BB4D242A7B6C006C53E9 /* Screens */ = {
			isa = PBXGroup;
			children = (
				7D98BB3B24290771006C53E9 /* SearchVC.swift */,
				7D98BB3D242907BB006C53E9 /* FavoriteListVC.swift */,
				7D98BB43242A29B4006C53E9 /* FollowerListVC.swift */,
				7DA45F7B2430E3C900AB426F /* UserInfoVC.swift */,
			);
			path = Screens;
			sourceTree = "<group>";
		};
		7D98BB4E242A7BD5006C53E9 /* Components */ = {
			isa = PBXGroup;
			children = (
				7DA45F78242FB8DB00AB426F /* Labels */,
				7DA45F7D2433DCE700AB426F /* ViewControllers */,
				7DA45F77242FB8C300AB426F /* ImageViews */,
				7DA45F76242FB8A000AB426F /* TextFields */,
				7DA45F75242FB89900AB426F /* Buttons */,
				7DA45F74242FB89100AB426F /* Views */,
				7DA45F6D242BC44F00AB426F /* Cells */,
			);
			path = Components;
			sourceTree = "<group>";
		};
		7D98BB4F242A7C10006C53E9 /* Extensions */ = {
			isa = PBXGroup;
			children = (
				7D98BB4B242A7327006C53E9 /* UIViewController+EXT.swift */,
				7DB735082438AD0F00E7B09B /* Date+Ext.swift */,
				7DB7350A2438AD9000E7B09B /* String+Ext.swift */,
			);
			path = Extensions;
			sourceTree = "<group>";
		};
		7D98BB50242A7C91006C53E9 /* Support */ = {
			isa = PBXGroup;
			children = (
				7D98BB292428FE73006C53E9 /* SceneDelegate.swift */,
				7D98BB272428FE73006C53E9 /* AppDelegate.swift */,
				7D98BB322428FE75006C53E9 /* LaunchScreen.storyboard */,
				7D98BB302428FE75006C53E9 /* Assets.xcassets */,
			);
			path = Support;
			sourceTree = "<group>";
		};
		7DA45F62242B73BD00AB426F /* Model */ = {
			isa = PBXGroup;
			children = (
				7DA45F63242B73E600AB426F /* Follower.swift */,
				7DA45F65242B760500AB426F /* User.swift */,
			);
			path = Model;
			sourceTree = "<group>";
		};
		7DA45F67242B82F900AB426F /* Managers */ = {
			isa = PBXGroup;
			children = (
				7DA45F68242B831900AB426F /* NetworkManager.swift */,
				7DB7350C243F523700E7B09B /* PersistanceManager.swift */,
			);
			path = Managers;
			sourceTree = "<group>";
		};
		7DA45F6A242BAEBC00AB426F /* Utilities */ = {
			isa = PBXGroup;
			children = (
				7DA45F6B242BAEEC00AB426F /* ErrorMessage.swift */,
				7DA45F72242E332000AB426F /* UIHelper.swift */,
				7DA45F822433F4FC00AB426F /* Constants.swift */,
			);
			path = Utilities;
			sourceTree = "<group>";
		};
		7DA45F6D242BC44F00AB426F /* Cells */ = {
			isa = PBXGroup;
			children = (
				7DA45F6E242BC47D00AB426F /* FollowerCell.swift */,
				7DB7350E243F8AC100E7B09B /* FavoriteCell.swift */,
			);
			path = Cells;
			sourceTree = "<group>";
		};
		7DA45F74242FB89100AB426F /* Views */ = {
			isa = PBXGroup;
			children = (
				7DFAC889242A86D200F5780C /* GFAlertContainerView.swift */,
				7DA45F79242FB95700AB426F /* GFEmptyStateView.swift */,
				7D7C665124388F0900733687 /* GFItemInfoView.swift */,
			);
			path = Views;
			sourceTree = "<group>";
		};
		7DA45F75242FB89900AB426F /* Buttons */ = {
			isa = PBXGroup;
			children = (
				7D98BB3F242917E4006C53E9 /* GFButton.swift */,
			);
			path = Buttons;
			sourceTree = "<group>";
		};
		7DA45F76242FB8A000AB426F /* TextFields */ = {
			isa = PBXGroup;
			children = (
				7D98BB4124291DF3006C53E9 /* GFTextField.swift */,
			);
			path = TextFields;
			sourceTree = "<group>";
		};
		7DA45F77242FB8C300AB426F /* ImageViews */ = {
			isa = PBXGroup;
			children = (
				7DA45F70242BC5C100AB426F /* GFAvatarImageView.swift */,
			);
			path = ImageViews;
			sourceTree = "<group>";
		};
		7DA45F78242FB8DB00AB426F /* Labels */ = {
			isa = PBXGroup;
			children = (
				7D98BB45242A52B7006C53E9 /* GFTitleLabel.swift */,
				7D98BB47242A5507006C53E9 /* GFBodyLabel.swift */,
				7DA45F802433DE1300AB426F /* GFTitleLabel-Secondary.swift */,
			);
			path = Labels;
			sourceTree = "<group>";
		};
		7DA45F7D2433DCE700AB426F /* ViewControllers */ = {
			isa = PBXGroup;
			children = (
				7D7C66592438A2B300733687 /* ItemInfoVCs-SuperClass+SubClass */,
				7D98BB49242A55ED006C53E9 /* GFAlertVC.swift */,
				7DA45F842433FAF800AB426F /* GFUserInfoheaderVC.swift */,
				7DB735132443929200E7B09B /* GFDataLoadingVC.swift */,
			);
			path = ViewControllers;
			sourceTree = "<group>";
		};
		7DB7351024409BBD00E7B09B /* Navigation */ = {
			isa = PBXGroup;
			children = (
				7DB7351124409BFE00E7B09B /* GFTabBarController.swift */,
			);
			path = Navigation;
			sourceTree = "<group>";
		};
/* End PBXGroup section */

/* Begin PBXNativeTarget section */
		7D98BB232428FE73006C53E9 /* GHFollowers */ = {
			isa = PBXNativeTarget;
			buildConfigurationList = 7D98BB382428FE75006C53E9 /* Build configuration list for PBXNativeTarget "GHFollowers" */;
			buildPhases = (
				7D98BB202428FE73006C53E9 /* Sources */,
				7D98BB212428FE73006C53E9 /* Frameworks */,
				7D98BB222428FE73006C53E9 /* Resources */,
			);
			buildRules = (
			);
			dependencies = (
			);
			name = GHFollowers;
			productName = GHFollowers;
			productReference = 7D98BB242428FE73006C53E9 /* GHFollowers.app */;
			productType = "com.apple.product-type.application";
		};
/* End PBXNativeTarget section */

/* Begin PBXProject section */
		7D98BB1C2428FE73006C53E9 /* Project object */ = {
			isa = PBXProject;
			attributes = {
				LastSwiftUpdateCheck = 1130;
				LastUpgradeCheck = 1130;
				ORGANIZATIONNAME = "Vasileios Gkreen";
				TargetAttributes = {
					7D98BB232428FE73006C53E9 = {
						CreatedOnToolsVersion = 11.3.1;
					};
				};
			};
			buildConfigurationList = 7D98BB1F2428FE73006C53E9 /* Build configuration list for PBXProject "GHFollowers" */;
			compatibilityVersion = "Xcode 9.3";
			developmentRegion = en;
			hasScannedForEncodings = 0;
			knownRegions = (
				en,
				Base,
			);
			mainGroup = 7D98BB1B2428FE73006C53E9;
			productRefGroup = 7D98BB252428FE73006C53E9 /* Products */;
			projectDirPath = "";
			projectRoot = "";
			targets = (
				7D98BB232428FE73006C53E9 /* GHFollowers */,
			);
		};
/* End PBXProject section */

/* Begin PBXResourcesBuildPhase section */
		7D98BB222428FE73006C53E9 /* Resources */ = {
			isa = PBXResourcesBuildPhase;
			buildActionMask = 2147483647;
			files = (
				7D98BB342428FE75006C53E9 /* LaunchScreen.storyboard in Resources */,
				7D98BB312428FE75006C53E9 /* Assets.xcassets in Resources */,
			);
			runOnlyForDeploymentPostprocessing = 0;
		};
/* End PBXResourcesBuildPhase section */

/* Begin PBXSourcesBuildPhase section */
		7D98BB202428FE73006C53E9 /* Sources */ = {
			isa = PBXSourcesBuildPhase;
			buildActionMask = 2147483647;
			files = (
				7DFAC88A242A86D200F5780C /* GFAlertContainerView.swift in Sources */,
				7D98BB4224291DF3006C53E9 /* GFTextField.swift in Sources */,
				7D98BB3E242907BB006C53E9 /* FavoriteListVC.swift in Sources */,
				7D98BB40242917E4006C53E9 /* GFButton.swift in Sources */,
				7D98BB3C24290771006C53E9 /* SearchVC.swift in Sources */,
				7DA45F7A242FB95700AB426F /* GFEmptyStateView.swift in Sources */,
				7DB735142443929200E7B09B /* GFDataLoadingVC.swift in Sources */,
				7D98BB4A242A55ED006C53E9 /* GFAlertVC.swift in Sources */,
				7DA45F66242B760500AB426F /* User.swift in Sources */,
				7DA45F6F242BC47D00AB426F /* FollowerCell.swift in Sources */,
				7DA45F71242BC5C100AB426F /* GFAvatarImageView.swift in Sources */,
				7D98BB48242A5507006C53E9 /* GFBodyLabel.swift in Sources */,
				7DA45F7C2430E3C900AB426F /* UserInfoVC.swift in Sources */,
				7D7C665624389E0600733687 /* GFRepoItemVC.swift in Sources */,
				7DB7350F243F8AC100E7B09B /* FavoriteCell.swift in Sources */,
				7DA45F64242B73E600AB426F /* Follower.swift in Sources */,
				7D98BB46242A52B7006C53E9 /* GFTitleLabel.swift in Sources */,
				7D98BB4C242A7327006C53E9 /* UIViewController+EXT.swift in Sources */,
				7DA45F812433DE1300AB426F /* GFTitleLabel-Secondary.swift in Sources */,
				7D98BB44242A29B4006C53E9 /* FollowerListVC.swift in Sources */,
				7DB7350D243F523700E7B09B /* PersistanceManager.swift in Sources */,
				7DB7350B2438AD9000E7B09B /* String+Ext.swift in Sources */,
				7DA45F6C242BAEEC00AB426F /* ErrorMessage.swift in Sources */,
				7D7C6654243897F300733687 /* GFItemInfoVC.swift in Sources */,
				7D7C66582438A22C00733687 /* GFFollowerItemVC.swift in Sources */,
				7DA45F73242E332000AB426F /* UIHelper.swift in Sources */,
				7DA45F69242B831900AB426F /* NetworkManager.swift in Sources */,
				7DB735092438AD0F00E7B09B /* Date+Ext.swift in Sources */,
				7D98BB282428FE73006C53E9 /* AppDelegate.swift in Sources */,
				7DA45F852433FAF800AB426F /* GFUserInfoheaderVC.swift in Sources */,
				7D7C665224388F0900733687 /* GFItemInfoView.swift in Sources */,
				7D98BB2A2428FE73006C53E9 /* SceneDelegate.swift in Sources */,
				7DA45F832433F4FC00AB426F /* Constants.swift in Sources */,
				7DB7351224409BFE00E7B09B /* GFTabBarController.swift in Sources */,
			);
			runOnlyForDeploymentPostprocessing = 0;
		};
/* End PBXSourcesBuildPhase section */

/* Begin PBXVariantGroup section */
		7D98BB322428FE75006C53E9 /* LaunchScreen.storyboard */ = {
			isa = PBXVariantGroup;
			children = (
				7D98BB332428FE75006C53E9 /* Base */,
			);
			name = LaunchScreen.storyboard;
			sourceTree = "<group>";
		};
/* End PBXVariantGroup section */

/* Begin XCBuildConfiguration section */
		7D98BB362428FE75006C53E9 /* Debug */ = {
			isa = XCBuildConfiguration;
			buildSettings = {
				ALWAYS_SEARCH_USER_PATHS = NO;
				CLANG_ANALYZER_NONNULL = YES;
				CLANG_ANALYZER_NUMBER_OBJECT_CONVERSION = YES_AGGRESSIVE;
				CLANG_CXX_LANGUAGE_STANDARD = "gnu++14";
				CLANG_CXX_LIBRARY = "libc++";
				CLANG_ENABLE_MODULES = YES;
				CLANG_ENABLE_OBJC_ARC = YES;
				CLANG_ENABLE_OBJC_WEAK = YES;
				CLANG_WARN_BLOCK_CAPTURE_AUTORELEASING = YES;
				CLANG_WARN_BOOL_CONVERSION = YES;
				CLANG_WARN_COMMA = YES;
				CLANG_WARN_CONSTANT_CONVERSION = YES;
				CLANG_WARN_DEPRECATED_OBJC_IMPLEMENTATIONS = YES;
				CLANG_WARN_DIRECT_OBJC_ISA_USAGE = YES_ERROR;
				CLANG_WARN_DOCUMENTATION_COMMENTS = YES;
				CLANG_WARN_EMPTY_BODY = YES;
				CLANG_WARN_ENUM_CONVERSION = YES;
				CLANG_WARN_INFINITE_RECURSION = YES;
				CLANG_WARN_INT_CONVERSION = YES;
				CLANG_WARN_NON_LITERAL_NULL_CONVERSION = YES;
				CLANG_WARN_OBJC_IMPLICIT_RETAIN_SELF = YES;
				CLANG_WARN_OBJC_LITERAL_CONVERSION = YES;
				CLANG_WARN_OBJC_ROOT_CLASS = YES_ERROR;
				CLANG_WARN_RANGE_LOOP_ANALYSIS = YES;
				CLANG_WARN_STRICT_PROTOTYPES = YES;
				CLANG_WARN_SUSPICIOUS_MOVE = YES;
				CLANG_WARN_UNGUARDED_AVAILABILITY = YES_AGGRESSIVE;
				CLANG_WARN_UNREACHABLE_CODE = YES;
				CLANG_WARN__DUPLICATE_METHOD_MATCH = YES;
				COPY_PHASE_STRIP = NO;
				DEBUG_INFORMATION_FORMAT = dwarf;
				ENABLE_STRICT_OBJC_MSGSEND = YES;
				ENABLE_TESTABILITY = YES;
				GCC_C_LANGUAGE_STANDARD = gnu11;
				GCC_DYNAMIC_NO_PIC = NO;
				GCC_NO_COMMON_BLOCKS = YES;
				GCC_OPTIMIZATION_LEVEL = 0;
				GCC_PREPROCESSOR_DEFINITIONS = (
					"DEBUG=1",
					"$(inherited)",
				);
				GCC_WARN_64_TO_32_BIT_CONVERSION = YES;
				GCC_WARN_ABOUT_RETURN_TYPE = YES_ERROR;
				GCC_WARN_UNDECLARED_SELECTOR = YES;
				GCC_WARN_UNINITIALIZED_AUTOS = YES_AGGRESSIVE;
				GCC_WARN_UNUSED_FUNCTION = YES;
				GCC_WARN_UNUSED_VARIABLE = YES;
				IPHONEOS_DEPLOYMENT_TARGET = 13.2;
				MTL_ENABLE_DEBUG_INFO = INCLUDE_SOURCE;
				MTL_FAST_MATH = YES;
				ONLY_ACTIVE_ARCH = YES;
				SDKROOT = iphoneos;
				SWIFT_ACTIVE_COMPILATION_CONDITIONS = DEBUG;
				SWIFT_OPTIMIZATION_LEVEL = "-Onone";
			};
			name = Debug;
		};
		7D98BB372428FE75006C53E9 /* Release */ = {
			isa = XCBuildConfiguration;
			buildSettings = {
				ALWAYS_SEARCH_USER_PATHS = NO;
				CLANG_ANALYZER_NONNULL = YES;
				CLANG_ANALYZER_NUMBER_OBJECT_CONVERSION = YES_AGGRESSIVE;
				CLANG_CXX_LANGUAGE_STANDARD = "gnu++14";
				CLANG_CXX_LIBRARY = "libc++";
				CLANG_ENABLE_MODULES = YES;
				CLANG_ENABLE_OBJC_ARC = YES;
				CLANG_ENABLE_OBJC_WEAK = YES;
				CLANG_WARN_BLOCK_CAPTURE_AUTORELEASING = YES;
				CLANG_WARN_BOOL_CONVERSION = YES;
				CLANG_WARN_COMMA = YES;
				CLANG_WARN_CONSTANT_CONVERSION = YES;
				CLANG_WARN_DEPRECATED_OBJC_IMPLEMENTATIONS = YES;
				CLANG_WARN_DIRECT_OBJC_ISA_USAGE = YES_ERROR;
				CLANG_WARN_DOCUMENTATION_COMMENTS = YES;
				CLANG_WARN_EMPTY_BODY = YES;
				CLANG_WARN_ENUM_CONVERSION = YES;
				CLANG_WARN_INFINITE_RECURSION = YES;
				CLANG_WARN_INT_CONVERSION = YES;
				CLANG_WARN_NON_LITERAL_NULL_CONVERSION = YES;
				CLANG_WARN_OBJC_IMPLICIT_RETAIN_SELF = YES;
				CLANG_WARN_OBJC_LITERAL_CONVERSION = YES;
				CLANG_WARN_OBJC_ROOT_CLASS = YES_ERROR;
				CLANG_WARN_RANGE_LOOP_ANALYSIS = YES;
				CLANG_WARN_STRICT_PROTOTYPES = YES;
				CLANG_WARN_SUSPICIOUS_MOVE = YES;
				CLANG_WARN_UNGUARDED_AVAILABILITY = YES_AGGRESSIVE;
				CLANG_WARN_UNREACHABLE_CODE = YES;
				CLANG_WARN__DUPLICATE_METHOD_MATCH = YES;
				COPY_PHASE_STRIP = NO;
				DEBUG_INFORMATION_FORMAT = "dwarf-with-dsym";
				ENABLE_NS_ASSERTIONS = NO;
				ENABLE_STRICT_OBJC_MSGSEND = YES;
				GCC_C_LANGUAGE_STANDARD = gnu11;
				GCC_NO_COMMON_BLOCKS = YES;
				GCC_WARN_64_TO_32_BIT_CONVERSION = YES;
				GCC_WARN_ABOUT_RETURN_TYPE = YES_ERROR;
				GCC_WARN_UNDECLARED_SELECTOR = YES;
				GCC_WARN_UNINITIALIZED_AUTOS = YES_AGGRESSIVE;
				GCC_WARN_UNUSED_FUNCTION = YES;
				GCC_WARN_UNUSED_VARIABLE = YES;
				IPHONEOS_DEPLOYMENT_TARGET = 13.2;
				MTL_ENABLE_DEBUG_INFO = NO;
				MTL_FAST_MATH = YES;
				SDKROOT = iphoneos;
				SWIFT_COMPILATION_MODE = wholemodule;
				SWIFT_OPTIMIZATION_LEVEL = "-O";
				VALIDATE_PRODUCT = YES;
			};
			name = Release;
		};
		7D98BB392428FE75006C53E9 /* Debug */ = {
			isa = XCBuildConfiguration;
			buildSettings = {
				ASSETCATALOG_COMPILER_APPICON_NAME = AppIcon;
				CODE_SIGN_STYLE = Automatic;
				DEVELOPMENT_TEAM = 4XHC2A472T;
				INFOPLIST_FILE = GHFollowers/Info.plist;
				LD_RUNPATH_SEARCH_PATHS = (
					"$(inherited)",
					"@executable_path/Frameworks",
				);
				PRODUCT_BUNDLE_IDENTIFIER = io.github.grenos.GHFollowers;
				PRODUCT_NAME = "$(TARGET_NAME)";
				SWIFT_VERSION = 5.0;
				TARGETED_DEVICE_FAMILY = "1,2";
			};
			name = Debug;
		};
		7D98BB3A2428FE75006C53E9 /* Release */ = {
			isa = XCBuildConfiguration;
			buildSettings = {
				ASSETCATALOG_COMPILER_APPICON_NAME = AppIcon;
				CODE_SIGN_STYLE = Automatic;
				DEVELOPMENT_TEAM = 4XHC2A472T;
				INFOPLIST_FILE = GHFollowers/Info.plist;
				LD_RUNPATH_SEARCH_PATHS = (
					"$(inherited)",
					"@executable_path/Frameworks",
				);
				PRODUCT_BUNDLE_IDENTIFIER = io.github.grenos.GHFollowers;
				PRODUCT_NAME = "$(TARGET_NAME)";
				SWIFT_VERSION = 5.0;
				TARGETED_DEVICE_FAMILY = "1,2";
			};
			name = Release;
		};
/* End XCBuildConfiguration section */

/* Begin XCConfigurationList section */
		7D98BB1F2428FE73006C53E9 /* Build configuration list for PBXProject "GHFollowers" */ = {
			isa = XCConfigurationList;
			buildConfigurations = (
				7D98BB362428FE75006C53E9 /* Debug */,
				7D98BB372428FE75006C53E9 /* Release */,
			);
			defaultConfigurationIsVisible = 0;
			defaultConfigurationName = Release;
		};
		7D98BB382428FE75006C53E9 /* Build configuration list for PBXNativeTarget "GHFollowers" */ = {
			isa = XCConfigurationList;
			buildConfigurations = (
				7D98BB392428FE75006C53E9 /* Debug */,
				7D98BB3A2428FE75006C53E9 /* Release */,
			);
			defaultConfigurationIsVisible = 0;
			defaultConfigurationName = Release;
		};
/* End XCConfigurationList section */
	};
	rootObject = 7D98BB1C2428FE73006C53E9 /* Project object */;
}
